// !$*UTF8*$!
{
	archiveVersion = 1;
	classes = {
	};
	objectVersion = 46;
	objects = {

/* Begin PBXBuildFile section */
		A2DB57901F4DDFED007039D8 /* AppDelegate.swift in Sources */ = {isa = PBXBuildFile; fileRef = A2DB578F1F4DDFED007039D8 /* AppDelegate.swift */; };
		A2DB57921F4DDFED007039D8 /* ViewController.swift in Sources */ = {isa = PBXBuildFile; fileRef = A2DB57911F4DDFED007039D8 /* ViewController.swift */; };
		A2DB57951F4DDFED007039D8 /* Main.storyboard in Resources */ = {isa = PBXBuildFile; fileRef = A2DB57931F4DDFED007039D8 /* Main.storyboard */; };
		A2DB57971F4DDFED007039D8 /* Assets.xcassets in Resources */ = {isa = PBXBuildFile; fileRef = A2DB57961F4DDFED007039D8 /* Assets.xcassets */; };
		A2DB579A1F4DDFED007039D8 /* LaunchScreen.storyboard in Resources */ = {isa = PBXBuildFile; fileRef = A2DB57981F4DDFED007039D8 /* LaunchScreen.storyboard */; };
		A2DB57A51F4DDFEE007039D8 /* TestingTests.swift in Sources */ = {isa = PBXBuildFile; fileRef = A2DB57A41F4DDFEE007039D8 /* TestingTests.swift */; };
/* End PBXBuildFile section */

/* Begin PBXContainerItemProxy section */
		A2DB57A11F4DDFEE007039D8 /* PBXContainerItemProxy */ = {
			isa = PBXContainerItemProxy;
			containerPortal = A2DB57841F4DDFED007039D8 /* Project object */;
			proxyType = 1;
			remoteGlobalIDString = A2DB578B1F4DDFED007039D8;
			remoteInfo = Testing;
		};
/* End PBXContainerItemProxy section */

/* Begin PBXFileReference section */
		A2DB578C1F4DDFED007039D8 /* Testing.app */ = {isa = PBXFileReference; explicitFileType = wrapper.application; includeInIndex = 0; path = Testing.app; sourceTree = BUILT_PRODUCTS_DIR; };
		A2DB578F1F4DDFED007039D8 /* AppDelegate.swift */ = {isa = PBXFileReference; lastKnownFileType = sourcecode.swift; path = AppDelegate.swift; sourceTree = "<group>"; };
		A2DB57911F4DDFED007039D8 /* ViewController.swift */ = {isa = PBXFileReference; lastKnownFileType = sourcecode.swift; path = ViewController.swift; sourceTree = "<group>"; };
		A2DB57941F4DDFED007039D8 /* Base */ = {isa = PBXFileReference; lastKnownFileType = file.storyboard; name = Base; path = Base.lproj/Main.storyboard; sourceTree = "<group>"; };
		A2DB57961F4DDFED007039D8 /* Assets.xcassets */ = {isa = PBXFileReference; lastKnownFileType = folder.assetcatalog; path = Assets.xcassets; sourceTree = "<group>"; };
		A2DB57991F4DDFED007039D8 /* Base */ = {isa = PBXFileReference; lastKnownFileType = file.storyboard; name = Base; path = Base.lproj/LaunchScreen.storyboard; sourceTree = "<group>"; };
		A2DB579B1F4DDFED007039D8 /* Info.plist */ = {isa = PBXFileReference; lastKnownFileType = text.plist.xml; path = Info.plist; sourceTree = "<group>"; };
		A2DB57A01F4DDFEE007039D8 /* TestingTests.xctest */ = {isa = PBXFileReference; explicitFileType = wrapper.cfbundle; includeInIndex = 0; path = TestingTests.xctest; sourceTree = BUILT_PRODUCTS_DIR; };
		A2DB57A41F4DDFEE007039D8 /* TestingTests.swift */ = {isa = PBXFileReference; lastKnownFileType = sourcecode.swift; path = TestingTests.swift; sourceTree = "<group>"; };
		A2DB57A61F4DDFEE007039D8 /* Info.plist */ = {isa = PBXFileReference; lastKnownFileType = text.plist.xml; path = Info.plist; sourceTree = "<group>"; };
/* End PBXFileReference section */

/* Begin PBXFrameworksBuildPhase section */
		A2DB57891F4DDFED007039D8 /* Frameworks */ = {
			isa = PBXFrameworksBuildPhase;
			buildActionMask = 2147483647;
			files = (
			);
			runOnlyForDeploymentPostprocessing = 0;
		};
		A2DB579D1F4DDFEE007039D8 /* Frameworks */ = {
			isa = PBXFrameworksBuildPhase;
			buildActionMask = 2147483647;
			files = (
			);
			runOnlyForDeploymentPostprocessing = 0;
		};
/* End PBXFrameworksBuildPhase section */

/* Begin PBXGroup section */
		A2DB57831F4DDFED007039D8 = {
			isa = PBXGroup;
			children = (
				A2DB578E1F4DDFED007039D8 /* Testing */,
				A2DB57A31F4DDFEE007039D8 /* TestingTests */,
				A2DB578D1F4DDFED007039D8 /* Products */,
			);
			sourceTree = "<group>";
		};
		A2DB578D1F4DDFED007039D8 /* Products */ = {
			isa = PBXGroup;
			children = (
				A2DB578C1F4DDFED007039D8 /* Testing.app */,
				A2DB57A01F4DDFEE007039D8 /* TestingTests.xctest */,
			);
			name = Products;
			sourceTree = "<group>";
		};
		A2DB578E1F4DDFED007039D8 /* Testing */ = {
			isa = PBXGroup;
			children = (
				A2DB578F1F4DDFED007039D8 /* AppDelegate.swift */,
				A2DB57911F4DDFED007039D8 /* ViewController.swift */,
				A2DB57931F4DDFED007039D8 /* Main.storyboard */,
				A2DB57961F4DDFED007039D8 /* Assets.xcassets */,
				A2DB57981F4DDFED007039D8 /* LaunchScreen.storyboard */,
				A2DB579B1F4DDFED007039D8 /* Info.plist */,
			);
			path = Testing;
			sourceTree = "<group>";
		};
		A2DB57A31F4DDFEE007039D8 /* TestingTests */ = {
			isa = PBXGroup;
			children = (
				A2DB57A41F4DDFEE007039D8 /* TestingTests.swift */,
				A2DB57A61F4DDFEE007039D8 /* Info.plist */,
			);
			path = TestingTests;
			sourceTree = "<group>";
		};
/* End PBXGroup section */

/* Begin PBXNativeTarget section */
		A2DB578B1F4DDFED007039D8 /* Testing */ = {
			isa = PBXNativeTarget;
			buildConfigurationList = A2DB57A91F4DDFEE007039D8 /* Build configuration list for PBXNativeTarget "Testing" */;
			buildPhases = (
				A2DB57881F4DDFED007039D8 /* Sources */,
				A2DB57891F4DDFED007039D8 /* Frameworks */,
				A2DB578A1F4DDFED007039D8 /* Resources */,
			);
			buildRules = (
			);
			dependencies = (
			);
			name = Testing;
			productName = Testing;
			productReference = A2DB578C1F4DDFED007039D8 /* Testing.app */;
			productType = "com.apple.product-type.application";
		};
		A2DB579F1F4DDFEE007039D8 /* TestingTests */ = {
			isa = PBXNativeTarget;
			buildConfigurationList = A2DB57AC1F4DDFEE007039D8 /* Build configuration list for PBXNativeTarget "TestingTests" */;
			buildPhases = (
				A2DB579C1F4DDFEE007039D8 /* Sources */,
				A2DB579D1F4DDFEE007039D8 /* Frameworks */,
				A2DB579E1F4DDFEE007039D8 /* Resources */,
			);
			buildRules = (
			);
			dependencies = (
				A2DB57A21F4DDFEE007039D8 /* PBXTargetDependency */,
			);
			name = TestingTests;
			productName = TestingTests;
			productReference = A2DB57A01F4DDFEE007039D8 /* TestingTests.xctest */;
			productType = "com.apple.product-type.bundle.unit-test";
		};
/* End PBXNativeTarget section */

/* Begin PBXProject section */
		A2DB57841F4DDFED007039D8 /* Project object */ = {
			isa = PBXProject;
			attributes = {
				LastSwiftUpdateCheck = 0830;
				LastUpgradeCheck = 0830;
				ORGANIZATIONNAME = "Bassem Anwer";
				TargetAttributes = {
					A2DB578B1F4DDFED007039D8 = {
						CreatedOnToolsVersion = 8.3.3;
						ProvisioningStyle = Automatic;
					};
					A2DB579F1F4DDFEE007039D8 = {
						CreatedOnToolsVersion = 8.3.3;
						ProvisioningStyle = Automatic;
						TestTargetID = A2DB578B1F4DDFED007039D8;
					};
				};
			};
			buildConfigurationList = A2DB57871F4DDFED007039D8 /* Build configuration list for PBXProject "Testing" */;
			compatibilityVersion = "Xcode 3.2";
			developmentRegion = English;
			hasScannedForEncodings = 0;
			knownRegions = (
				en,
				Base,
			);
			mainGroup = A2DB57831F4DDFED007039D8;
			productRefGroup = A2DB578D1F4DDFED007039D8 /* Products */;
			projectDirPath = "";
			projectRoot = "";
			targets = (
				A2DB578B1F4DDFED007039D8 /* Testing */,
				A2DB579F1F4DDFEE007039D8 /* TestingTests */,
			);
		};
/* End PBXProject section */

/* Begin PBXResourcesBuildPhase section */
		A2DB578A1F4DDFED007039D8 /* Resources */ = {
			isa = PBXResourcesBuildPhase;
			buildActionMask = 2147483647;
			files = (
				A2DB579A1F4DDFED007039D8 /* LaunchScreen.storyboard in Resources */,
				A2DB57971F4DDFED007039D8 /* Assets.xcassets in Resources */,
				A2DB57951F4DDFED007039D8 /* Main.storyboard in Resources */,
			);
			runOnlyForDeploymentPostprocessing = 0;
		};
		A2DB579E1F4DDFEE007039D8 /* Resources */ = {
			isa = PBXResourcesBuildPhase;
			buildActionMask = 2147483647;
			files = (
			);
			runOnlyForDeploymentPostprocessing = 0;
		};
/* End PBXResourcesBuildPhase section */

/* Begin PBXSourcesBuildPhase section */
		A2DB57881F4DDFED007039D8 /* Sources */ = {
			isa = PBXSourcesBuildPhase;
			buildActionMask = 2147483647;
			files = (
				A2DB57921F4DDFED007039D8 /* ViewController.swift in Sources */,
				A2DB57901F4DDFED007039D8 /* AppDelegate.swift in Sources */,
			);
			runOnlyForDeploymentPostprocessing = 0;
		};
		A2DB579C1F4DDFEE007039D8 /* Sources */ = {
			isa = PBXSourcesBuildPhase;
			buildActionMask = 2147483647;
			files = (
				A2DB57A51F4DDFEE007039D8 /* TestingTests.swift in Sources */,
			);
			runOnlyForDeploymentPostprocessing = 0;
		};
/* End PBXSourcesBuildPhase section */

/* Begin PBXTargetDependency section */
		A2DB57A21F4DDFEE007039D8 /* PBXTargetDependency */ = {
			isa = PBXTargetDependency;
			target = A2DB578B1F4DDFED007039D8 /* Testing */;
			targetProxy = A2DB57A11F4DDFEE007039D8 /* PBXContainerItemProxy */;
		};
/* End PBXTargetDependency section */

/* Begin PBXVariantGroup section */
		A2DB57931F4DDFED007039D8 /* Main.storyboard */ = {
			isa = PBXVariantGroup;
			children = (
				A2DB57941F4DDFED007039D8 /* Base */,
			);
			name = Main.storyboard;
			sourceTree = "<group>";
		};
		A2DB57981F4DDFED007039D8 /* LaunchScreen.storyboard */ = {
			isa = PBXVariantGroup;
			children = (
				A2DB57991F4DDFED007039D8 /* Base */,
			);
			name = LaunchScreen.storyboard;
			sourceTree = "<group>";
		};
/* End PBXVariantGroup section */

/* Begin XCBuildConfiguration section */
		A2DB57A71F4DDFEE007039D8 /* Debug */ = {
			isa = XCBuildConfiguration;
			buildSettings = {
				ALWAYS_SEARCH_USER_PATHS = NO;
				CLANG_ANALYZER_NONNULL = YES;
				CLANG_ANALYZER_NUMBER_OBJECT_CONVERSION = YES_AGGRESSIVE;
				CLANG_CXX_LANGUAGE_STANDARD = "gnu++0x";
				CLANG_CXX_LIBRARY = "libc++";
				CLANG_ENABLE_MODULES = YES;
				CLANG_ENABLE_OBJC_ARC = YES;
				CLANG_WARN_BOOL_CONVERSION = YES;
				CLANG_WARN_CONSTANT_CONVERSION = YES;
				CLANG_WARN_DIRECT_OBJC_ISA_USAGE = YES_ERROR;
				CLANG_WARN_DOCUMENTATION_COMMENTS = YES;
				CLANG_WARN_EMPTY_BODY = YES;
				CLANG_WARN_ENUM_CONVERSION = YES;
				CLANG_WARN_INFINITE_RECURSION = YES;
				CLANG_WARN_INT_CONVERSION = YES;
				CLANG_WARN_OBJC_ROOT_CLASS = YES_ERROR;
				CLANG_WARN_SUSPICIOUS_MOVE = YES;
				CLANG_WARN_UNREACHABLE_CODE = YES;
				CLANG_WARN__DUPLICATE_METHOD_MATCH = YES;
				"CODE_SIGN_IDENTITY[sdk=iphoneos*]" = "iPhone Developer";
				COPY_PHASE_STRIP = NO;
				DEBUG_INFORMATION_FORMAT = dwarf;
				ENABLE_STRICT_OBJC_MSGSEND = YES;
				ENABLE_TESTABILITY = YES;
				GCC_C_LANGUAGE_STANDARD = gnu99;
				GCC_DYNAMIC_NO_PIC = NO;
				GCC_NO_COMMON_BLOCKS = YES;
				GCC_OPTIMIZATION_LEVEL = 0;
				GCC_PREPROCESSOR_DEFINITIONS = (
					"DEBUG=1",
					"$(inherited)",
				);
				GCC_WARN_64_TO_32_BIT_CONVERSION = YES;
				GCC_WARN_ABOUT_RETURN_TYPE = YES_ERROR;
				GCC_WARN_UNDECLARED_SELECTOR = YES;
				GCC_WARN_UNINITIALIZED_AUTOS = YES_AGGRESSIVE;
				GCC_WARN_UNUSED_FUNCTION = YES;
				GCC_WARN_UNUSED_VARIABLE = YES;
				IPHONEOS_DEPLOYMENT_TARGET = 10.3;
				MTL_ENABLE_DEBUG_INFO = YES;
				ONLY_ACTIVE_ARCH = YES;
				SDKROOT = iphoneos;
				SWIFT_ACTIVE_COMPILATION_CONDITIONS = DEBUG;
				SWIFT_OPTIMIZATION_LEVEL = "-Onone";
				TARGETED_DEVICE_FAMILY = "1,2";
			};
			name = Debug;
		};
		A2DB57A81F4DDFEE007039D8 /* Release */ = {
			isa = XCBuildConfiguration;
			buildSettings = {
				ALWAYS_SEARCH_USER_PATHS = NO;
				CLANG_ANALYZER_NONNULL = YES;
				CLANG_ANALYZER_NUMBER_OBJECT_CONVERSION = YES_AGGRESSIVE;
				CLANG_CXX_LANGUAGE_STANDARD = "gnu++0x";
				CLANG_CXX_LIBRARY = "libc++";
				CLANG_ENABLE_MODULES = YES;
				CLANG_ENABLE_OBJC_ARC = YES;
				CLANG_WARN_BOOL_CONVERSION = YES;
				CLANG_WARN_CONSTANT_CONVERSION = YES;
				CLANG_WARN_DIRECT_OBJC_ISA_USAGE = YES_ERROR;
				CLANG_WARN_DOCUMENTATION_COMMENTS = YES;
				CLANG_WARN_EMPTY_BODY = YES;
				CLANG_WARN_ENUM_CONVERSION = YES;
				CLANG_WARN_INFINITE_RECURSION = YES;
				CLANG_WARN_INT_CONVERSION = YES;
				CLANG_WARN_OBJC_ROOT_CLASS = YES_ERROR;
				CLANG_WARN_SUSPICIOUS_MOVE = YES;
				CLANG_WARN_UNREACHABLE_CODE = YES;
				CLANG_WARN__DUPLICATE_METHOD_MATCH = YES;
				"CODE_SIGN_IDENTITY[sdk=iphoneos*]" = "iPhone Developer";
				COPY_PHASE_STRIP = NO;
				DEBUG_INFORMATION_FORMAT = "dwarf-with-dsym";
				ENABLE_NS_ASSERTIONS = NO;
				ENABLE_STRICT_OBJC_MSGSEND = YES;
				GCC_C_LANGUAGE_STANDARD = gnu99;
				GCC_NO_COMMON_BLOCKS = YES;
				GCC_WARN_64_TO_32_BIT_CONVERSION = YES;
				GCC_WARN_ABOUT_RETURN_TYPE = YES_ERROR;
				GCC_WARN_UNDECLARED_SELECTOR = YES;
				GCC_WARN_UNINITIALIZED_AUTOS = YES_AGGRESSIVE;
				GCC_WARN_UNUSED_FUNCTION = YES;
				GCC_WARN_UNUSED_VARIABLE = YES;
				IPHONEOS_DEPLOYMENT_TARGET = 10.3;
				MTL_ENABLE_DEBUG_INFO = NO;
				SDKROOT = iphoneos;
				SWIFT_OPTIMIZATION_LEVEL = "-Owholemodule";
				TARGETED_DEVICE_FAMILY = "1,2";
				VALIDATE_PRODUCT = YES;
			};
			name = Release;
		};
		A2DB57AA1F4DDFEE007039D8 /* Debug */ = {
			isa = XCBuildConfiguration;
			buildSettings = {
				ASSETCATALOG_COMPILER_APPICON_NAME = AppIcon;
				INFOPLIST_FILE = Testing/Info.plist;
				LD_RUNPATH_SEARCH_PATHS = "$(inherited) @executable_path/Frameworks";
				PRODUCT_BUNDLE_IDENTIFIER = com.apptcom.demo.Testing;
				PRODUCT_NAME = "$(TARGET_NAME)";
				SWIFT_VERSION = 3.0;
			};
			name = Debug;
		};
		A2DB57AB1F4DDFEE007039D8 /* Release */ = {
			isa = XCBuildConfiguration;
			buildSettings = {
				ASSETCATALOG_COMPILER_APPICON_NAME = AppIcon;
				INFOPLIST_FILE = Testing/Info.plist;
				LD_RUNPATH_SEARCH_PATHS = "$(inherited) @executable_path/Frameworks";
				PRODUCT_BUNDLE_IDENTIFIER = com.apptcom.demo.Testing;
				PRODUCT_NAME = "$(TARGET_NAME)";
				SWIFT_VERSION = 3.0;
			};
			name = Release;
		};
		A2DB57AD1F4DDFEE007039D8 /* Debug */ = {
			isa = XCBuildConfiguration;
			buildSettings = {
				ALWAYS_EMBED_SWIFT_STANDARD_LIBRARIES = YES;
				BUNDLE_LOADER = "$(TEST_HOST)";
				INFOPLIST_FILE = TestingTests/Info.plist;
				LD_RUNPATH_SEARCH_PATHS = "$(inherited) @executable_path/Frameworks @loader_path/Frameworks";
				PRODUCT_BUNDLE_IDENTIFIER = com.apptcom.demo.TestingTests;
				PRODUCT_NAME = "$(TARGET_NAME)";
				SWIFT_VERSION = 3.0;
				TEST_HOST = "$(BUILT_PRODUCTS_DIR)/Testing.app/Testing";
			};
			name = Debug;
		};
		A2DB57AE1F4DDFEE007039D8 /* Release */ = {
			isa = XCBuildConfiguration;
			buildSettings = {
				ALWAYS_EMBED_SWIFT_STANDARD_LIBRARIES = YES;
				BUNDLE_LOADER = "$(TEST_HOST)";
				INFOPLIST_FILE = TestingTests/Info.plist;
				LD_RUNPATH_SEARCH_PATHS = "$(inherited) @executable_path/Frameworks @loader_path/Frameworks";
				PRODUCT_BUNDLE_IDENTIFIER = com.apptcom.demo.TestingTests;
				PRODUCT_NAME = "$(TARGET_NAME)";
				SWIFT_VERSION = 3.0;
				TEST_HOST = "$(BUILT_PRODUCTS_DIR)/Testing.app/Testing";
			};
			name = Release;
		};
/* End XCBuildConfiguration section */

/* Begin XCConfigurationList section */
		A2DB57871F4DDFED007039D8 /* Build configuration list for PBXProject "Testing" */ = {
			isa = XCConfigurationList;
			buildConfigurations = (
				A2DB57A71F4DDFEE007039D8 /* Debug */,
				A2DB57A81F4DDFEE007039D8 /* Release */,
			);
			defaultConfigurationIsVisible = 0;
			defaultConfigurationName = Release;
		};
		A2DB57A91F4DDFEE007039D8 /* Build configuration list for PBXNativeTarget "Testing" */ = {
			isa = XCConfigurationList;
			buildConfigurations = (
				A2DB57AA1F4DDFEE007039D8 /* Debug */,
				A2DB57AB1F4DDFEE007039D8 /* Release */,
			);
			defaultConfigurationIsVisible = 0;
		};
		A2DB57AC1F4DDFEE007039D8 /* Build configuration list for PBXNativeTarget "TestingTests" */ = {
			isa = XCConfigurationList;
			buildConfigurations = (
				A2DB57AD1F4DDFEE007039D8 /* Debug */,
				A2DB57AE1F4DDFEE007039D8 /* Release */,
			);
			defaultConfigurationIsVisible = 0;
		};
/* End XCConfigurationList section */
	};
	rootObject = A2DB57841F4DDFED007039D8 /* Project object */;
}
